
Microsoft Visual Studio Solution File, Format Version 12.00
# Visual Studio Version 16
VisualStudioVersion = 16.0.29409.12
MinimumVisualStudioVersion = 10.0.40219.1
Project("{9A19103F-16F7-4668-BE54-9A1E7A4F7556}") = "Gaucho", "src\Gaucho\Gaucho.csproj", "{3C4A15C3-497F-4D52-9339-9A02A7498EA3}"
EndProject
Project("{9A19103F-16F7-4668-BE54-9A1E7A4F7556}") = "Gaucho.Test", "src\Tests\Gaucho.Test\Gaucho.Test.csproj", "{43FCA068-42C0-4AC8-8401-2B0B86139306}"
EndProject
Project("{2150E333-8FDC-42A3-9474-1A3956D46DE8}") = "Tests", "Tests", "{09CF3F3A-2736-48E1-8145-49B5A51891BC}"
EndProject
Project("{2150E333-8FDC-42A3-9474-1A3956D46DE8}") = "Solution Items", "Solution Items", "{C0C60187-4D7C-41AA-8495-04B7248AB908}"
	ProjectSection(SolutionItems) = preProject
		.travis.yml = .travis.yml
		appveyor.yml = appveyor.yml
		LICENSE = LICENSE
		README.md = README.md
	EndProjectSection
EndProject
Project("{9A19103F-16F7-4668-BE54-9A1E7A4F7556}") = "Gaucho.Server.Test", "src\Tests\Gaucho.Server.Test\Gaucho.Server.Test.csproj", "{ECE36AC8-C1D7-4154-BCFA-B06DD7F656C7}"
EndProject
Project("{FAE04EC0-301F-11D3-BF4B-00C04F79EFBC}") = "Gaucho.Dashboard", "src\Gaucho.Dashboard\Gaucho.Dashboard.csproj", "{AD5D0494-70CE-43A6-B33B-3F8AB9657AB8}"
EndProject
Global
	GlobalSection(SolutionConfigurationPlatforms) = preSolution
		Debug|Any CPU = Debug|Any CPU
		Release|Any CPU = Release|Any CPU
	EndGlobalSection
	GlobalSection(ProjectConfigurationPlatforms) = postSolution
		{3C4A15C3-497F-4D52-9339-9A02A7498EA3}.Debug|Any CPU.ActiveCfg = Debug|Any CPU
		{3C4A15C3-497F-4D52-9339-9A02A7498EA3}.Debug|Any CPU.Build.0 = Debug|Any CPU
		{3C4A15C3-497F-4D52-9339-9A02A7498EA3}.Release|Any CPU.ActiveCfg = Release|Any CPU
		{3C4A15C3-497F-4D52-9339-9A02A7498EA3}.Release|Any CPU.Build.0 = Release|Any CPU
		{43FCA068-42C0-4AC8-8401-2B0B86139306}.Debug|Any CPU.ActiveCfg = Debug|Any CPU
		{43FCA068-42C0-4AC8-8401-2B0B86139306}.Debug|Any CPU.Build.0 = Debug|Any CPU
		{43FCA068-42C0-4AC8-8401-2B0B86139306}.Release|Any CPU.ActiveCfg = Release|Any CPU
		{43FCA068-42C0-4AC8-8401-2B0B86139306}.Release|Any CPU.Build.0 = Release|Any CPU
		{ECE36AC8-C1D7-4154-BCFA-B06DD7F656C7}.Debug|Any CPU.ActiveCfg = Debug|Any CPU
		{ECE36AC8-C1D7-4154-BCFA-B06DD7F656C7}.Debug|Any CPU.Build.0 = Debug|Any CPU
		{ECE36AC8-C1D7-4154-BCFA-B06DD7F656C7}.Release|Any CPU.ActiveCfg = Release|Any CPU
		{ECE36AC8-C1D7-4154-BCFA-B06DD7F656C7}.Release|Any CPU.Build.0 = Release|Any CPU
		{AD5D0494-70CE-43A6-B33B-3F8AB9657AB8}.Debug|Any CPU.ActiveCfg = Debug|Any CPU
		{AD5D0494-70CE-43A6-B33B-3F8AB9657AB8}.Debug|Any CPU.Build.0 = Debug|Any CPU
		{AD5D0494-70CE-43A6-B33B-3F8AB9657AB8}.Release|Any CPU.ActiveCfg = Release|Any CPU
		{AD5D0494-70CE-43A6-B33B-3F8AB9657AB8}.Release|Any CPU.Build.0 = Release|Any CPU
	EndGlobalSection
	GlobalSection(SolutionProperties) = preSolution
		HideSolutionNode = FALSE
	EndGlobalSection
	GlobalSection(NestedProjects) = preSolution
		{43FCA068-42C0-4AC8-8401-2B0B86139306} = {09CF3F3A-2736-48E1-8145-49B5A51891BC}
		{ECE36AC8-C1D7-4154-BCFA-B06DD7F656C7} = {09CF3F3A-2736-48E1-8145-49B5A51891BC}
	EndGlobalSection
	GlobalSection(ExtensibilityGlobals) = postSolution
		SolutionGuid = {90DDCE53-82D7-45F2-926D-909108DB6B8A}
	EndGlobalSection
EndGlobal
